
Microsoft Visual Studio Solution File, Format Version 12.00
# Visual Studio 15
VisualStudioVersion = 15.0.26430.14
MinimumVisualStudioVersion = 10.0.40219.1
Project("{FAE04EC0-301F-11D3-BF4B-00C04F79EFBC}") = "HalloCSharp", "HalloCSharp\HalloCSharp.csproj", "{FF179A79-55C7-4CCD-BE02-D28BD6F98CAD}"
EndProject
Global
	GlobalSection(SolutionConfigurationPlatforms) = preSolution
		Debug|Any CPU = Debug|Any CPU
		Release|Any CPU = Release|Any CPU
	EndGlobalSection
	GlobalSection(ProjectConfigurationPlatforms) = postSolution
		{FF179A79-55C7-4CCD-BE02-D28BD6F98CAD}.Debug|Any CPU.ActiveCfg = Debug|Any CPU
		{FF179A79-55C7-4CCD-BE02-D28BD6F98CAD}.Debug|Any CPU.Build.0 = Debug|Any CPU
		{FF179A79-55C7-4CCD-BE02-D28BD6F98CAD}.Release|Any CPU.ActiveCfg = Release|Any CPU
		{FF179A79-55C7-4CCD-BE02-D28BD6F98CAD}.Release|Any CPU.Build.0 = Release|Any CPU
	EndGlobalSection
	GlobalSection(SolutionProperties) = preSolution
		HideSolutionNode = FALSE
	EndGlobalSection
EndGlobal
