
Microsoft Visual Studio Solution File, Format Version 12.00
# Visual Studio 15
VisualStudioVersion = 15.0.26430.14
MinimumVisualStudioVersion = 10.0.40219.1
Project("{FAE04EC0-301F-11D3-BF4B-00C04F79EFBC}") = "HalloCSharp", "HalloCSharp\HalloCSharp.csproj", "{FF179A79-55C7-4CCD-BE02-D28BD6F98CAD}"
EndProject
Project("{FAE04EC0-301F-11D3-BF4B-00C04F79EFBC}") = "Kontrollstrukturen", "Kontrollstrukturen\Kontrollstrukturen.csproj", "{C822EDF7-08B1-4561-8500-8866096D907A}"
EndProject
Project("{FAE04EC0-301F-11D3-BF4B-00C04F79EFBC}") = "Methoden", "Methoden\Methoden.csproj", "{25588A95-425F-4F31-BF7B-F0451E4FAC9D}"
EndProject
Project("{FAE04EC0-301F-11D3-BF4B-00C04F79EFBC}") = "Klassen", "Klassen\Klassen.csproj", "{C62936A1-1E22-49D1-8FEE-D3393EA0350D}"
EndProject
Project("{FAE04EC0-301F-11D3-BF4B-00C04F79EFBC}") = "Vererbung", "Vererbung\Vererbung.csproj", "{C2496CA7-EA4C-4C36-BCCB-D37D7190B387}"
EndProject
Project("{FAE04EC0-301F-11D3-BF4B-00C04F79EFBC}") = "VerbergenUndÜberschreiben", "VerbergenUndÜberschreiben\VerbergenUndÜberschreiben.csproj", "{2787D7D3-B5EA-404F-8391-258C9750EBCD}"
EndProject
Project("{FAE04EC0-301F-11D3-BF4B-00C04F79EFBC}") = "AbstrakteKlassen", "AbstrakteKlassen\AbstrakteKlassen.csproj", "{9AC94DCE-D3E2-4002-B72F-42E512208A60}"
EndProject
Project("{FAE04EC0-301F-11D3-BF4B-00C04F79EFBC}") = "Interfaces", "Interfaces\Interfaces.csproj", "{F97F442B-47ED-4661-A536-473A7DECEECC}"
EndProject
Project("{FAE04EC0-301F-11D3-BF4B-00C04F79EFBC}") = "Strukturen", "Strukturen\Strukturen.csproj", "{0E81D9C5-1116-4114-8A69-D4B5954A2D86}"
EndProject
Project("{FAE04EC0-301F-11D3-BF4B-00C04F79EFBC}") = "Enumerationen", "Enumerationen\Enumerationen.csproj", "{0DD994CE-A4B6-4485-98C1-6D8EA597041A}"
EndProject
Project("{FAE04EC0-301F-11D3-BF4B-00C04F79EFBC}") = "HalloDelegates", "HalloDelegates\HalloDelegates.csproj", "{8B70C577-7A74-4126-9043-3315121C6669}"
EndProject
Project("{FAE04EC0-301F-11D3-BF4B-00C04F79EFBC}") = "DelegatesInPraxis", "DelegatesInPraxis\DelegatesInPraxis.csproj", "{EE4EAC8A-C758-41C7-A839-C6919C0402FD}"
EndProject
Project("{FAE04EC0-301F-11D3-BF4B-00C04F79EFBC}") = "OperatorenÜberladen", "OperatorenÜberladen\OperatorenÜberladen.csproj", "{91A5F4B7-1259-4395-AE1C-4EAE642769BE}"
EndProject
Global
	GlobalSection(SolutionConfigurationPlatforms) = preSolution
		Debug|Any CPU = Debug|Any CPU
		Release|Any CPU = Release|Any CPU
	EndGlobalSection
	GlobalSection(ProjectConfigurationPlatforms) = postSolution
		{FF179A79-55C7-4CCD-BE02-D28BD6F98CAD}.Debug|Any CPU.ActiveCfg = Debug|Any CPU
		{FF179A79-55C7-4CCD-BE02-D28BD6F98CAD}.Debug|Any CPU.Build.0 = Debug|Any CPU
		{FF179A79-55C7-4CCD-BE02-D28BD6F98CAD}.Release|Any CPU.ActiveCfg = Release|Any CPU
		{FF179A79-55C7-4CCD-BE02-D28BD6F98CAD}.Release|Any CPU.Build.0 = Release|Any CPU
		{C822EDF7-08B1-4561-8500-8866096D907A}.Debug|Any CPU.ActiveCfg = Debug|Any CPU
		{C822EDF7-08B1-4561-8500-8866096D907A}.Debug|Any CPU.Build.0 = Debug|Any CPU
		{C822EDF7-08B1-4561-8500-8866096D907A}.Release|Any CPU.ActiveCfg = Release|Any CPU
		{C822EDF7-08B1-4561-8500-8866096D907A}.Release|Any CPU.Build.0 = Release|Any CPU
		{25588A95-425F-4F31-BF7B-F0451E4FAC9D}.Debug|Any CPU.ActiveCfg = Debug|Any CPU
		{25588A95-425F-4F31-BF7B-F0451E4FAC9D}.Debug|Any CPU.Build.0 = Debug|Any CPU
		{25588A95-425F-4F31-BF7B-F0451E4FAC9D}.Release|Any CPU.ActiveCfg = Release|Any CPU
		{25588A95-425F-4F31-BF7B-F0451E4FAC9D}.Release|Any CPU.Build.0 = Release|Any CPU
		{C62936A1-1E22-49D1-8FEE-D3393EA0350D}.Debug|Any CPU.ActiveCfg = Debug|Any CPU
		{C62936A1-1E22-49D1-8FEE-D3393EA0350D}.Debug|Any CPU.Build.0 = Debug|Any CPU
		{C62936A1-1E22-49D1-8FEE-D3393EA0350D}.Release|Any CPU.ActiveCfg = Release|Any CPU
		{C62936A1-1E22-49D1-8FEE-D3393EA0350D}.Release|Any CPU.Build.0 = Release|Any CPU
		{C2496CA7-EA4C-4C36-BCCB-D37D7190B387}.Debug|Any CPU.ActiveCfg = Debug|Any CPU
		{C2496CA7-EA4C-4C36-BCCB-D37D7190B387}.Debug|Any CPU.Build.0 = Debug|Any CPU
		{C2496CA7-EA4C-4C36-BCCB-D37D7190B387}.Release|Any CPU.ActiveCfg = Release|Any CPU
		{C2496CA7-EA4C-4C36-BCCB-D37D7190B387}.Release|Any CPU.Build.0 = Release|Any CPU
		{2787D7D3-B5EA-404F-8391-258C9750EBCD}.Debug|Any CPU.ActiveCfg = Debug|Any CPU
		{2787D7D3-B5EA-404F-8391-258C9750EBCD}.Debug|Any CPU.Build.0 = Debug|Any CPU
		{2787D7D3-B5EA-404F-8391-258C9750EBCD}.Release|Any CPU.ActiveCfg = Release|Any CPU
		{2787D7D3-B5EA-404F-8391-258C9750EBCD}.Release|Any CPU.Build.0 = Release|Any CPU
		{9AC94DCE-D3E2-4002-B72F-42E512208A60}.Debug|Any CPU.ActiveCfg = Debug|Any CPU
		{9AC94DCE-D3E2-4002-B72F-42E512208A60}.Debug|Any CPU.Build.0 = Debug|Any CPU
		{9AC94DCE-D3E2-4002-B72F-42E512208A60}.Release|Any CPU.ActiveCfg = Release|Any CPU
		{9AC94DCE-D3E2-4002-B72F-42E512208A60}.Release|Any CPU.Build.0 = Release|Any CPU
		{F97F442B-47ED-4661-A536-473A7DECEECC}.Debug|Any CPU.ActiveCfg = Debug|Any CPU
		{F97F442B-47ED-4661-A536-473A7DECEECC}.Debug|Any CPU.Build.0 = Debug|Any CPU
		{F97F442B-47ED-4661-A536-473A7DECEECC}.Release|Any CPU.ActiveCfg = Release|Any CPU
		{F97F442B-47ED-4661-A536-473A7DECEECC}.Release|Any CPU.Build.0 = Release|Any CPU
		{0E81D9C5-1116-4114-8A69-D4B5954A2D86}.Debug|Any CPU.ActiveCfg = Debug|Any CPU
		{0E81D9C5-1116-4114-8A69-D4B5954A2D86}.Debug|Any CPU.Build.0 = Debug|Any CPU
		{0E81D9C5-1116-4114-8A69-D4B5954A2D86}.Release|Any CPU.ActiveCfg = Release|Any CPU
		{0E81D9C5-1116-4114-8A69-D4B5954A2D86}.Release|Any CPU.Build.0 = Release|Any CPU
		{0DD994CE-A4B6-4485-98C1-6D8EA597041A}.Debug|Any CPU.ActiveCfg = Debug|Any CPU
		{0DD994CE-A4B6-4485-98C1-6D8EA597041A}.Debug|Any CPU.Build.0 = Debug|Any CPU
		{0DD994CE-A4B6-4485-98C1-6D8EA597041A}.Release|Any CPU.ActiveCfg = Release|Any CPU
		{0DD994CE-A4B6-4485-98C1-6D8EA597041A}.Release|Any CPU.Build.0 = Release|Any CPU
		{8B70C577-7A74-4126-9043-3315121C6669}.Debug|Any CPU.ActiveCfg = Debug|Any CPU
		{8B70C577-7A74-4126-9043-3315121C6669}.Debug|Any CPU.Build.0 = Debug|Any CPU
		{8B70C577-7A74-4126-9043-3315121C6669}.Release|Any CPU.ActiveCfg = Release|Any CPU
		{8B70C577-7A74-4126-9043-3315121C6669}.Release|Any CPU.Build.0 = Release|Any CPU
		{EE4EAC8A-C758-41C7-A839-C6919C0402FD}.Debug|Any CPU.ActiveCfg = Debug|Any CPU
		{EE4EAC8A-C758-41C7-A839-C6919C0402FD}.Debug|Any CPU.Build.0 = Debug|Any CPU
		{EE4EAC8A-C758-41C7-A839-C6919C0402FD}.Release|Any CPU.ActiveCfg = Release|Any CPU
		{EE4EAC8A-C758-41C7-A839-C6919C0402FD}.Release|Any CPU.Build.0 = Release|Any CPU
		{91A5F4B7-1259-4395-AE1C-4EAE642769BE}.Debug|Any CPU.ActiveCfg = Debug|Any CPU
		{91A5F4B7-1259-4395-AE1C-4EAE642769BE}.Debug|Any CPU.Build.0 = Debug|Any CPU
		{91A5F4B7-1259-4395-AE1C-4EAE642769BE}.Release|Any CPU.ActiveCfg = Release|Any CPU
		{91A5F4B7-1259-4395-AE1C-4EAE642769BE}.Release|Any CPU.Build.0 = Release|Any CPU
	EndGlobalSection
	GlobalSection(SolutionProperties) = preSolution
		HideSolutionNode = FALSE
	EndGlobalSection
EndGlobal
