
Microsoft Visual Studio Solution File, Format Version 12.00
# Visual Studio 15
VisualStudioVersion = 15.0.26430.14
MinimumVisualStudioVersion = 10.0.40219.1
Project("{FAE04EC0-301F-11D3-BF4B-00C04F79EFBC}") = "Core", "Core\Core.csproj", "{481A1B13-2196-4791-8F56-671FB66E7ED8}"
EndProject
Project("{2150E333-8FDC-42A3-9474-1A3956D46DE8}") = "Data", "Data", "{C3F40EDC-48A6-48C0-806B-9247F362F250}"
EndProject
Project("{2150E333-8FDC-42A3-9474-1A3956D46DE8}") = "Core", "Core", "{0A7A337D-1764-4956-8E0C-D17478966181}"
EndProject
Project("{2150E333-8FDC-42A3-9474-1A3956D46DE8}") = "Test", "Test", "{572A8071-E18B-410F-B07E-EEE28E7C284D}"
EndProject
Project("{FAE04EC0-301F-11D3-BF4B-00C04F79EFBC}") = "Core.Tests", "Core.Tests\Core.Tests.csproj", "{FBE7ADA0-A87A-4359-A0E7-848D815C4FC9}"
EndProject
Project("{FAE04EC0-301F-11D3-BF4B-00C04F79EFBC}") = "Data.Common", "Data.Common\Data.Common.csproj", "{B52FC421-3B4A-43FC-BCCA-CF5AB065A2C5}"
EndProject
Project("{2150E333-8FDC-42A3-9474-1A3956D46DE8}") = "Tests", "Tests", "{8F5E9102-889C-462A-9E4E-E9C3E876B0DF}"
EndProject
Project("{2150E333-8FDC-42A3-9474-1A3956D46DE8}") = "Integration", "Integration", "{5A0237AD-F2A6-49D8-A24F-342D1E656340}"
EndProject
Project("{FAE04EC0-301F-11D3-BF4B-00C04F79EFBC}") = "Data.Common.Tests.Integration", "Data.Common.Tests.Integration\Data.Common.Tests.Integration.csproj", "{88EC5B71-AEB7-4134-A82E-8B45AE230B1D}"
EndProject
Project("{FAE04EC0-301F-11D3-BF4B-00C04F79EFBC}") = "Data.Common.Tests", "Data.Common.Tests\Data.Common.Tests.csproj", "{FEBE14B3-3655-4D91-9042-521D6614E48A}"
EndProject
Global
	GlobalSection(SolutionConfigurationPlatforms) = preSolution
		Debug|Any CPU = Debug|Any CPU
		Release|Any CPU = Release|Any CPU
	EndGlobalSection
	GlobalSection(ProjectConfigurationPlatforms) = postSolution
		{481A1B13-2196-4791-8F56-671FB66E7ED8}.Debug|Any CPU.ActiveCfg = Debug|Any CPU
		{481A1B13-2196-4791-8F56-671FB66E7ED8}.Debug|Any CPU.Build.0 = Debug|Any CPU
		{481A1B13-2196-4791-8F56-671FB66E7ED8}.Release|Any CPU.ActiveCfg = Release|Any CPU
		{481A1B13-2196-4791-8F56-671FB66E7ED8}.Release|Any CPU.Build.0 = Release|Any CPU
		{FBE7ADA0-A87A-4359-A0E7-848D815C4FC9}.Debug|Any CPU.ActiveCfg = Debug|Any CPU
		{FBE7ADA0-A87A-4359-A0E7-848D815C4FC9}.Debug|Any CPU.Build.0 = Debug|Any CPU
		{FBE7ADA0-A87A-4359-A0E7-848D815C4FC9}.Release|Any CPU.ActiveCfg = Release|Any CPU
		{FBE7ADA0-A87A-4359-A0E7-848D815C4FC9}.Release|Any CPU.Build.0 = Release|Any CPU
		{B52FC421-3B4A-43FC-BCCA-CF5AB065A2C5}.Debug|Any CPU.ActiveCfg = Debug|Any CPU
		{B52FC421-3B4A-43FC-BCCA-CF5AB065A2C5}.Debug|Any CPU.Build.0 = Debug|Any CPU
		{B52FC421-3B4A-43FC-BCCA-CF5AB065A2C5}.Release|Any CPU.ActiveCfg = Release|Any CPU
		{B52FC421-3B4A-43FC-BCCA-CF5AB065A2C5}.Release|Any CPU.Build.0 = Release|Any CPU
		{88EC5B71-AEB7-4134-A82E-8B45AE230B1D}.Debug|Any CPU.ActiveCfg = Debug|Any CPU
		{88EC5B71-AEB7-4134-A82E-8B45AE230B1D}.Debug|Any CPU.Build.0 = Debug|Any CPU
		{88EC5B71-AEB7-4134-A82E-8B45AE230B1D}.Release|Any CPU.ActiveCfg = Release|Any CPU
		{88EC5B71-AEB7-4134-A82E-8B45AE230B1D}.Release|Any CPU.Build.0 = Release|Any CPU
		{FEBE14B3-3655-4D91-9042-521D6614E48A}.Debug|Any CPU.ActiveCfg = Debug|Any CPU
		{FEBE14B3-3655-4D91-9042-521D6614E48A}.Debug|Any CPU.Build.0 = Debug|Any CPU
		{FEBE14B3-3655-4D91-9042-521D6614E48A}.Release|Any CPU.ActiveCfg = Release|Any CPU
		{FEBE14B3-3655-4D91-9042-521D6614E48A}.Release|Any CPU.Build.0 = Release|Any CPU
	EndGlobalSection
	GlobalSection(SolutionProperties) = preSolution
		HideSolutionNode = FALSE
	EndGlobalSection
	GlobalSection(NestedProjects) = preSolution
		{481A1B13-2196-4791-8F56-671FB66E7ED8} = {0A7A337D-1764-4956-8E0C-D17478966181}
		{572A8071-E18B-410F-B07E-EEE28E7C284D} = {0A7A337D-1764-4956-8E0C-D17478966181}
		{FBE7ADA0-A87A-4359-A0E7-848D815C4FC9} = {572A8071-E18B-410F-B07E-EEE28E7C284D}
		{B52FC421-3B4A-43FC-BCCA-CF5AB065A2C5} = {C3F40EDC-48A6-48C0-806B-9247F362F250}
		{8F5E9102-889C-462A-9E4E-E9C3E876B0DF} = {C3F40EDC-48A6-48C0-806B-9247F362F250}
		{5A0237AD-F2A6-49D8-A24F-342D1E656340} = {8F5E9102-889C-462A-9E4E-E9C3E876B0DF}
		{88EC5B71-AEB7-4134-A82E-8B45AE230B1D} = {5A0237AD-F2A6-49D8-A24F-342D1E656340}
		{FEBE14B3-3655-4D91-9042-521D6614E48A} = {8F5E9102-889C-462A-9E4E-E9C3E876B0DF}
	EndGlobalSection
EndGlobal
